<?xml version="1.0" encoding="utf-8"?>
<Project ToolsVersion="4.0" xmlns="http://schemas.microsoft.com/developer/msbuild/2003">
  <ItemGroup>
    <Filter Include="소스 파일">
      <UniqueIdentifier>{4FC737F1-C7A5-4376-A066-2A32D752A2FF}</UniqueIdentifier>
      <Extensions>cpp;c;cc;cxx;c++;cppm;ixx;def;odl;idl;hpj;bat;asm;asmx</Extensions>
    </Filter>
    <Filter Include="헤더 파일">
      <UniqueIdentifier>{93995380-89BD-4b04-88EB-625FBE52EBFB}</UniqueIdentifier>
      <Extensions>h;hh;hpp;hxx;h++;hm;inl;inc;ipp;xsd</Extensions>
    </Filter>
    <Filter Include="Window">
      <UniqueIdentifier>{a85c0811-f300-45c7-886e-1d999b169a35}</UniqueIdentifier>
    </Filter>
    <Filter Include="Game">
      <UniqueIdentifier>{0b6107c2-25cb-49c9-a16d-bf38757c714a}</UniqueIdentifier>
    </Filter>
    <Filter Include="Renderer">
      <UniqueIdentifier>{25cd44b5-97b5-42eb-b356-b5054fbb4f3a}</UniqueIdentifier>
    </Filter>
    <Filter Include="Time">
      <UniqueIdentifier>{748e60b1-2f5b-4654-81e4-71e5fcc80af3}</UniqueIdentifier>
    </Filter>
    <Filter Include="ImGUI">
      <UniqueIdentifier>{51091478-12a4-43c2-849c-cc1677a3acdd}</UniqueIdentifier>
    </Filter>
    <Filter Include="Scene">
      <UniqueIdentifier>{12911482-7a7f-40a7-8b0c-0f9c6f5c94b9}</UniqueIdentifier>
    </Filter>
    <Filter Include="ThirdParty">
      <UniqueIdentifier>{6f641540-26bd-448b-bf8b-ae97c8641eb2}</UniqueIdentifier>
    </Filter>
    <Filter Include="Util">
      <UniqueIdentifier>{da77db2d-93ea-4821-9eb5-b1956c8c82cf}</UniqueIdentifier>
    </Filter>
    <Filter Include="PCH">
      <UniqueIdentifier>{85c32b42-9b44-4031-afeb-d1539b6cc7b6}</UniqueIdentifier>
    </Filter>
    <Filter Include="Component">
      <UniqueIdentifier>{975c9545-7ba8-4eac-b64e-fc30f1a550d4}</UniqueIdentifier>
    </Filter>
    <Filter Include="Component\ComponentBase">
      <UniqueIdentifier>{f885f1ce-e5b8-4528-a588-dcbfd3304498}</UniqueIdentifier>
    </Filter>
    <Filter Include="Reflection">
      <UniqueIdentifier>{5c4d2f1d-188c-4ca1-9ddc-f8749ecafd7a}</UniqueIdentifier>
    </Filter>
    <Filter Include="Reflection\Serialization">
      <UniqueIdentifier>{df84eb2c-44ce-45d2-ae6c-b11899d89d8d}</UniqueIdentifier>
    </Filter>
    <Filter Include="Reflection\Serialization\Resources">
      <UniqueIdentifier>{c7d70f96-ff12-4b41-9499-d053d073d417}</UniqueIdentifier>
    </Filter>
    <Filter Include="Reflection\ID">
      <UniqueIdentifier>{01eecb75-351a-4013-8eb3-c0d25adb5bc9}</UniqueIdentifier>
    </Filter>
    <Filter Include="Reflection\Register">
      <UniqueIdentifier>{ce380b74-cf1e-4348-88b5-03417d059408}</UniqueIdentifier>
    </Filter>
    <Filter Include="Shader">
      <UniqueIdentifier>{cb178661-183f-4464-af04-1d2e14a2dc0b}</UniqueIdentifier>
    </Filter>
    <Filter Include="Shader\Default">
      <UniqueIdentifier>{ef71eb4e-e0ea-4935-bc48-bb87ce93994a}</UniqueIdentifier>
    </Filter>
    <Filter Include="Input">
      <UniqueIdentifier>{5840ad57-bbce-4a12-a6ce-0073dd878616}</UniqueIdentifier>
    </Filter>
    <Filter Include="ImGUI\Undo">
      <UniqueIdentifier>{b806074d-46d1-45fc-9369-a0297909c5f1}</UniqueIdentifier>
    </Filter>
    <Filter Include="Shader\Common">
      <UniqueIdentifier>{ebcb31fd-d497-43eb-92c6-64d15b740b91}</UniqueIdentifier>
    </Filter>
  </ItemGroup>
  <ItemGroup>
    <ClInclude Include="WindowBase.h">
      <Filter>Window</Filter>
    </ClInclude>
    <ClInclude Include="Game.h">
      <Filter>Game</Filter>
    </ClInclude>
    <ClInclude Include="DX11Renderer.h">
      <Filter>Renderer</Filter>
    </ClInclude>
    <ClInclude Include="GameTimer.h">
      <Filter>Time</Filter>
    </ClInclude>
    <ClInclude Include="DXHelper.h">
      <Filter>Renderer</Filter>
    </ClInclude>
    <ClInclude Include="Scene.h">
      <Filter>Scene</Filter>
    </ClInclude>
    <ClInclude Include="Behaviour.h">
      <Filter>Component\ComponentBase</Filter>
    </ClInclude>
    <ClInclude Include="Component.h">
      <Filter>Component\ComponentBase</Filter>
    </ClInclude>
    <ClInclude Include="MonoBehaviour.h">
      <Filter>Component\ComponentBase</Filter>
    </ClInclude>
    <ClInclude Include="resource.h">
      <Filter>헤더 파일</Filter>
    </ClInclude>
    <ClInclude Include="Singleton.h">
      <Filter>Util</Filter>
    </ClInclude>
    <ClInclude Include="ImGuiLayer.h">
      <Filter>ImGUI</Filter>
    </ClInclude>
    <ClInclude Include="SceneManager.h">
      <Filter>Scene</Filter>
    </ClInclude>
    <ClInclude Include="pch.h">
      <Filter>PCH</Filter>
    </ClInclude>
    <ClInclude Include="Transform.h">
      <Filter>Component</Filter>
    </ClInclude>
    <ClInclude Include="Canvas.h">
      <Filter>Component</Filter>
    </ClInclude>
    <ClInclude Include="RectTransform.h">
      <Filter>Component</Filter>
    </ClInclude>
    <ClInclude Include="UILayer.h">
      <Filter>Component</Filter>
    </ClInclude>
    <ClInclude Include="UILayoutGroup.h">
      <Filter>Component</Filter>
    </ClInclude>
    <ClInclude Include="UIButton.h">
      <Filter>Component</Filter>
    </ClInclude>
    <ClInclude Include="UISlider.h">
      <Filter>Component</Filter>
    </ClInclude>
    <ClInclude Include="framework.h">
      <Filter>PCH</Filter>
    </ClInclude>
    <ClInclude Include="SimpleMathHelper.h">
      <Filter>Util</Filter>
    </ClInclude>
    <ClInclude Include="UIManager.h">
      <Filter>Util</Filter>
    </ClInclude>
    <ClInclude Include="IResource.h">
      <Filter>Reflection\Serialization\Resources</Filter>
    </ClInclude>
    <ClInclude Include="JsonIO.h">
      <Filter>Reflection</Filter>
    </ClInclude>
    <ClInclude Include="ResourceManager.h">
      <Filter>Reflection\Serialization\Resources</Filter>
    </ClInclude>
    <ClInclude Include="AssetDatabase.h">
      <Filter>Reflection\Serialization\Resources</Filter>
    </ClInclude>
    <ClInclude Include="RegisterCoreTypes.h">
      <Filter>Reflection</Filter>
    </ClInclude>
    <ClInclude Include="IDManager.h">
      <Filter>Reflection\ID</Filter>
    </ClInclude>
    <ClInclude Include="ComponentFactory.h">
      <Filter>Reflection\Register</Filter>
    </ClInclude>
    <ClInclude Include="ReflectionDatabase.h">
      <Filter>Reflection\Register</Filter>
    </ClInclude>
    <ClInclude Include="ReflectionMacros.h">
      <Filter>Reflection\Register</Filter>
    </ClInclude>
    <ClInclude Include="EditorUI.h">
      <Filter>ImGUI</Filter>
    </ClInclude>
    <ClInclude Include="Camera.h">
      <Filter>Scene</Filter>
    </ClInclude>
    <ClInclude Include="KeyCode.h">
      <Filter>Input</Filter>
    </ClInclude>
    <ClInclude Include="InputManager.h">
      <Filter>Input</Filter>
    </ClInclude>
    <ClInclude Include="GameObject.h">
      <Filter>Scene</Filter>
    </ClInclude>
    <ClInclude Include="MeshRenderer.h">
      <Filter>Renderer</Filter>
    </ClInclude>
    <ClInclude Include="Material.h">
      <Filter>Renderer</Filter>
    </ClInclude>
    <ClInclude Include="Mesh.h">
      <Filter>Renderer</Filter>
    </ClInclude>
    <ClInclude Include="Shader.h">
      <Filter>Renderer</Filter>
    </ClInclude>
    <ClInclude Include="Vertex.h">
      <Filter>Renderer</Filter>
    </ClInclude>
    <ClInclude Include="ICommand.h">
      <Filter>ImGUI\Undo</Filter>
    </ClInclude>
    <ClInclude Include="HistoryManager.h">
      <Filter>ImGUI\Undo</Filter>
    </ClInclude>
    <ClInclude Include="ChangeTransformCommand.h">
      <Filter>ImGUI\Undo</Filter>
    </ClInclude>
    <ClInclude Include="ChangePropertyCommand.h">
      <Filter>ImGUI\Undo</Filter>
    </ClInclude>
    <ClInclude Include="ImGuizmo.h">
      <Filter>ImGUI</Filter>
    </ClInclude>
    <ClInclude Include="ChangeEditorTransformCommand.h">
      <Filter>ImGUI\Undo</Filter>
    </ClInclude>
    <ClInclude Include="ChangeComponentActiveCommand.h">
      <Filter>ImGUI\Undo</Filter>
    </ClInclude>
    <ClInclude Include="ChangeParentCommand.h">
      <Filter>ImGUI\Undo</Filter>
    </ClInclude>
    <ClInclude Include="ChangeGameObjectActiveCommand.h">
      <Filter>ImGUI\Undo</Filter>
    </ClInclude>
    <ClInclude Include="AddComponentCommand.h">
      <Filter>ImGUI\Undo</Filter>
    </ClInclude>
    <ClInclude Include="CreateGameObjectCommand.h">
      <Filter>ImGUI\Undo</Filter>
    </ClInclude>
    <ClInclude Include="DestroyGameObjectCommand.h">
      <Filter>ImGUI\Undo</Filter>
    </ClInclude>
    <ClInclude Include="RemoveComponentCommand.h">
      <Filter>ImGUI\Undo</Filter>
    </ClInclude>
    <ClInclude Include="FreeCamera.h">
      <Filter>Component</Filter>
    </ClInclude>
    <ClInclude Include="Light.h">
      <Filter>Component</Filter>
    </ClInclude>
    <ClInclude Include="move.h">
      <Filter>Component</Filter>
    </ClInclude>
    <ClInclude Include="SerializationUtils.h">
      <Filter>Reflection\Serialization</Filter>
    </ClInclude>
    <ClInclude Include="Image.h">
      <Filter>Component</Filter>
    </ClInclude>
    <ClInclude Include="MonitorController.h">
      <Filter>Component</Filter>
    </ClInclude>
    <ClInclude Include="ReflectionProbe.h">
      <Filter>Component</Filter>
    </ClInclude>
    <ClInclude Include="Text.h">
      <Filter>Component</Filter>
    </ClInclude>
    <ClInclude Include="ShadowMap.h">
      <Filter>Component</Filter>
    </ClInclude>
    <ClInclude Include="Text3D.h">
      <Filter>Component</Filter>
    </ClInclude>
    <ClInclude Include="RenderViewport.h">
      <Filter>Renderer</Filter>
    </ClInclude>
    <ClInclude Include="RenderTexture.h">
      <Filter>Renderer</Filter>
    </ClInclude>
    <ClInclude Include="Model.h">
      <Filter>Renderer</Filter>
    </ClInclude>
    <ClInclude Include="Texture.h">
      <Filter>Renderer</Filter>
    </ClInclude>
  </ItemGroup>
  <ItemGroup>
    <ClCompile Include="WindowBase.cpp">
      <Filter>Window</Filter>
    </ClCompile>
    <ClCompile Include="Game.cpp">
      <Filter>Game</Filter>
    </ClCompile>
    <ClCompile Include="DX11Renderer.cpp">
      <Filter>Renderer</Filter>
    </ClCompile>
    <ClCompile Include="GameTimer.cpp">
      <Filter>Time</Filter>
    </ClCompile>
    <ClCompile Include="DXHelper.cpp">
      <Filter>Renderer</Filter>
    </ClCompile>
    <ClCompile Include="ImGuiLayer.cpp">
      <Filter>ImGUI</Filter>
    </ClCompile>
    <ClCompile Include="Scene.cpp">
      <Filter>Scene</Filter>
    </ClCompile>
    <ClCompile Include="Component.cpp">
      <Filter>Component\ComponentBase</Filter>
    </ClCompile>
    <ClCompile Include="SceneManager.cpp">
      <Filter>Scene</Filter>
    </ClCompile>
    <ClCompile Include="pch.cpp">
      <Filter>PCH</Filter>
    </ClCompile>
    <ClCompile Include="DTEngine.cpp">
      <Filter>PCH</Filter>
    </ClCompile>
    <ClCompile Include="JsonIO.cpp">
      <Filter>Reflection</Filter>
    </ClCompile>
    <ClCompile Include="ResourceManager.cpp">
      <Filter>Reflection\Serialization\Resources</Filter>
    </ClCompile>
    <ClCompile Include="Transform.cpp">
      <Filter>Component</Filter>
    </ClCompile>
    <ClCompile Include="Canvas.cpp">
      <Filter>Component</Filter>
    </ClCompile>
    <ClCompile Include="RectTransform.cpp">
      <Filter>Component</Filter>
    </ClCompile>
    <ClCompile Include="UILayer.cpp">
      <Filter>Component</Filter>
    </ClCompile>
    <ClCompile Include="UILayoutGroup.cpp">
      <Filter>Component</Filter>
    </ClCompile>
    <ClCompile Include="UIButton.cpp">
      <Filter>Component</Filter>
    </ClCompile>
    <ClCompile Include="UISlider.cpp">
      <Filter>Component</Filter>
    </ClCompile>
    <ClCompile Include="AssetDatabase.cpp">
      <Filter>Reflection\Serialization\Resources</Filter>
    </ClCompile>
    <ClCompile Include="RegisterCoreTypes.cpp">
      <Filter>Reflection</Filter>
    </ClCompile>
    <ClCompile Include="IDManager.cpp">
      <Filter>Reflection\ID</Filter>
    </ClCompile>
    <ClCompile Include="ReflectionDatabase.cpp">
      <Filter>Reflection\Register</Filter>
    </ClCompile>
    <ClCompile Include="EditorUI.cpp">
      <Filter>ImGUI</Filter>
    </ClCompile>
    <ClCompile Include="Camera.cpp">
      <Filter>Scene</Filter>
    </ClCompile>
    <ClCompile Include="InputManager.cpp">
      <Filter>Input</Filter>
    </ClCompile>
    <ClCompile Include="GameObject.cpp">
      <Filter>Scene</Filter>
    </ClCompile>
    <ClCompile Include="Material.cpp">
      <Filter>Renderer</Filter>
    </ClCompile>
    <ClCompile Include="MeshRenderer.cpp">
      <Filter>Renderer</Filter>
    </ClCompile>
    <ClCompile Include="Mesh.cpp">
      <Filter>Renderer</Filter>
    </ClCompile>
    <ClCompile Include="Vertex.cpp">
      <Filter>Renderer</Filter>
    </ClCompile>
    <ClCompile Include="Shader.cpp">
      <Filter>Renderer</Filter>
    </ClCompile>
    <ClCompile Include="HistoryManager.cpp">
      <Filter>ImGUI\Undo</Filter>
    </ClCompile>
    <ClCompile Include="ChangeTransformCommand.cpp">
      <Filter>ImGUI\Undo</Filter>
    </ClCompile>
    <ClCompile Include="ChangePropertyCommand.cpp">
      <Filter>ImGUI\Undo</Filter>
    </ClCompile>
    <ClCompile Include="ImGuizmo.cpp">
      <Filter>ImGUI</Filter>
    </ClCompile>
    <ClCompile Include="ChangeEditorTransformCommand.cpp">
      <Filter>ImGUI\Undo</Filter>
    </ClCompile>
    <ClCompile Include="ChangeComponentActiveCommand.cpp">
      <Filter>ImGUI\Undo</Filter>
    </ClCompile>
    <ClCompile Include="ChangeParentCommand.cpp">
      <Filter>ImGUI\Undo</Filter>
    </ClCompile>
    <ClCompile Include="ChangeGameObjectActiveCommand.cpp">
      <Filter>ImGUI\Undo</Filter>
    </ClCompile>
    <ClCompile Include="AddComponentCommand.cpp">
      <Filter>ImGUI\Undo</Filter>
    </ClCompile>
    <ClCompile Include="CreateGameObjectCommand.cpp">
      <Filter>ImGUI\Undo</Filter>
    </ClCompile>
    <ClCompile Include="DestroyGameObjectCommand.cpp">
      <Filter>ImGUI\Undo</Filter>
    </ClCompile>
    <ClCompile Include="RemoveComponentCommand.cpp">
      <Filter>ImGUI\Undo</Filter>
    </ClCompile>
    <ClCompile Include="Behaviour.cpp">
      <Filter>Component\ComponentBase</Filter>
    </ClCompile>
    <ClCompile Include="FreeCamera.cpp">
      <Filter>Component</Filter>
    </ClCompile>
    <ClCompile Include="Light.cpp">
      <Filter>Component</Filter>
    </ClCompile>
    <ClCompile Include="move.cpp">
      <Filter>Component</Filter>
    </ClCompile>
    <ClCompile Include="SerializationUtils.cpp">
      <Filter>Reflection\Serialization</Filter>
    </ClCompile>
    <ClCompile Include="Image.cpp">
      <Filter>Component</Filter>
    </ClCompile>
    <ClCompile Include="MonitorController.cpp">
      <Filter>Component</Filter>
    </ClCompile>
    <ClCompile Include="ReflectionProbe.cpp">
      <Filter>Component</Filter>
    </ClCompile>
    <ClCompile Include="Text.cpp">
      <Filter>Component</Filter>
    </ClCompile>
    <ClCompile Include="ShadowMap.cpp">
      <Filter>Component</Filter>
    </ClCompile>
    <ClCompile Include="Text3D.cpp">
      <Filter>Component</Filter>
    </ClCompile>
    <ClCompile Include="RenderTexture.cpp">
      <Filter>Renderer</Filter>
    </ClCompile>
    <ClCompile Include="Model.cpp">
      <Filter>Renderer</Filter>
    </ClCompile>
    <ClCompile Include="Texture.cpp">
      <Filter>Renderer</Filter>
    </ClCompile>
    <ClCompile Include="UIManager.cpp">
      <Filter>Util</Filter>
    </ClCompile>
  </ItemGroup>
  <ItemGroup>
    <None Include="..\vcpkg.json" />
    <None Include="..\Assets\Shaders\Lighting.hlsli">
      <Filter>Shader\Common</Filter>
    </None>
    <None Include="..\Assets\Shaders\Lighting_PBR.hlsli">
      <Filter>Shader\Common</Filter>
    </None>
  </ItemGroup>
  <ItemGroup>
    <FxCompile Include="..\Assets\Shaders\Default_PS.hlsl">
      <Filter>Shader\Default</Filter>
    </FxCompile>
    <FxCompile Include="..\Assets\Shaders\Default_VS.hlsl">
      <Filter>Shader\Default</Filter>
    </FxCompile>
    <FxCompile Include="..\Assets\Shaders\Error_PS.hlsl">
      <Filter>Shader\Default</Filter>
    </FxCompile>
    <FxCompile Include="..\Assets\Shaders\Error_VS.hlsl">
      <Filter>Shader\Default</Filter>
    </FxCompile>
    <FxCompile Include="..\Assets\Shaders\UI_PS.hlsl">
      <Filter>Shader\Default</Filter>
    </FxCompile>
    <FxCompile Include="..\Assets\Shaders\UI_VS.hlsl">
      <Filter>Shader\Default</Filter>
    </FxCompile>
    <FxCompile Include="..\Assets\Shaders\TV_PS.hlsl">
      <Filter>Shader\Default</Filter>
    </FxCompile>
    <FxCompile Include="..\Assets\Shaders\TV_VS.hlsl">
      <Filter>Shader\Default</Filter>
    </FxCompile>
    <FxCompile Include="..\Assets\Shaders\World_TV_PS.hlsl">
      <Filter>Shader\Default</Filter>
    </FxCompile>
    <FxCompile Include="..\Assets\Shaders\World_TV_VS.hlsl">
      <Filter>Shader\Default</Filter>
    </FxCompile>
    <FxCompile Include="..\Assets\Shaders\Dwarf_PS.hlsl">
      <Filter>Shader\Default</Filter>
    </FxCompile>
    <FxCompile Include="..\Assets\Shaders\Dwarf_VS.hlsl">
      <Filter>Shader\Default</Filter>
    </FxCompile>
    <FxCompile Include="..\Assets\Shaders\CubeMap_PS.hlsl">
      <Filter>Shader\Default</Filter>
    </FxCompile>
    <FxCompile Include="..\Assets\Shaders\CubeMap_VS.hlsl">
      <Filter>Shader\Default</Filter>
    </FxCompile>
    <FxCompile Include="..\Assets\Shaders\Skybox_PS.hlsl">
      <Filter>Shader\Default</Filter>
    </FxCompile>
    <FxCompile Include="..\Assets\Shaders\Skybox_VS.hlsl">
      <Filter>Shader\Default</Filter>
    </FxCompile>
    <FxCompile Include="..\Assets\Shaders\PBR_PS.hlsl">
      <Filter>Shader\Default</Filter>
    </FxCompile>
    <FxCompile Include="..\Assets\Shaders\PBR_VS.hlsl">
      <Filter>Shader\Default</Filter>
    </FxCompile>
  </ItemGroup>
</Project>
